// !$*UTF8*$!
{
	archiveVersion = 1;
	classes = {
	};
	objectVersion = 50;
	objects = {

/* Begin PBXBuildFile section */
		87159407216A34F4003B569A /* PostsFeedVC.swift in Sources */ = {isa = PBXBuildFile; fileRef = 87159406216A34F4003B569A /* PostsFeedVC.swift */; };
		87159409216A3670003B569A /* BaseVC.swift in Sources */ = {isa = PBXBuildFile; fileRef = 87159408216A3670003B569A /* BaseVC.swift */; };
		8715940D216A46B7003B569A /* Moya+Global.swift in Sources */ = {isa = PBXBuildFile; fileRef = 8715940C216A46B7003B569A /* Moya+Global.swift */; };
		87159411216A6CCD003B569A /* Config.swift in Sources */ = {isa = PBXBuildFile; fileRef = 87159410216A6CCD003B569A /* Config.swift */; };
		87159413216A7152003B569A /* PostsMoyaApi.swift in Sources */ = {isa = PBXBuildFile; fileRef = 87159412216A7152003B569A /* PostsMoyaApi.swift */; };
		87159415216A7172003B569A /* PostsMoyaNetwork.swift in Sources */ = {isa = PBXBuildFile; fileRef = 87159414216A7172003B569A /* PostsMoyaNetwork.swift */; };
		87159418216A7D3D003B569A /* Post.swift in Sources */ = {isa = PBXBuildFile; fileRef = 87159417216A7D3D003B569A /* Post.swift */; };
		8715941E216A8D90003B569A /* PostsFeedViewModel.swift in Sources */ = {isa = PBXBuildFile; fileRef = 8715941D216A8D90003B569A /* PostsFeedViewModel.swift */; };
		87159420216A8DB5003B569A /* PostsFeedViewModeling.swift in Sources */ = {isa = PBXBuildFile; fileRef = 8715941F216A8DB5003B569A /* PostsFeedViewModeling.swift */; };
		87159423216A9907003B569A /* PostNetworking.swift in Sources */ = {isa = PBXBuildFile; fileRef = 87159422216A9907003B569A /* PostNetworking.swift */; };
		87159425216B0747003B569A /* BaseViewModel.swift in Sources */ = {isa = PBXBuildFile; fileRef = 87159424216B0747003B569A /* BaseViewModel.swift */; };
		87159427216B07ED003B569A /* BaseViewModeling.swift in Sources */ = {isa = PBXBuildFile; fileRef = 87159426216B07EC003B569A /* BaseViewModeling.swift */; };
		8715942A216B095F003B569A /* UITableView+Extension.swift in Sources */ = {isa = PBXBuildFile; fileRef = 87159429216B095F003B569A /* UITableView+Extension.swift */; };
		87159431216B0DC5003B569A /* PostCellViewModel.swift in Sources */ = {isa = PBXBuildFile; fileRef = 87159430216B0DC5003B569A /* PostCellViewModel.swift */; };
		87159435216BCB59003B569A /* PostManager.swift in Sources */ = {isa = PBXBuildFile; fileRef = 87159434216BCB59003B569A /* PostManager.swift */; };
		87843E92217248B400D51761 /* NetworkResponse.swift in Sources */ = {isa = PBXBuildFile; fileRef = 87843E91217248B400D51761 /* NetworkResponse.swift */; };
		8793A9E9216D0CFB008E69A2 /* AlertHelper.swift in Sources */ = {isa = PBXBuildFile; fileRef = 8793A9E8216D0CFB008E69A2 /* AlertHelper.swift */; };
		8793A9EB216D0D71008E69A2 /* Constants.swift in Sources */ = {isa = PBXBuildFile; fileRef = 8793A9EA216D0D71008E69A2 /* Constants.swift */; };
		8793A9EE216DB2F4008E69A2 /* PostsDBManager.swift in Sources */ = {isa = PBXBuildFile; fileRef = 8793A9ED216DB2F4008E69A2 /* PostsDBManager.swift */; };
		8793A9F0216DBEF4008E69A2 /* ReachibilityService.swift in Sources */ = {isa = PBXBuildFile; fileRef = 8793A9EF216DBEF4008E69A2 /* ReachibilityService.swift */; };
		8793A9F2216F0F60008E69A2 /* PostCellNode.swift in Sources */ = {isa = PBXBuildFile; fileRef = 8793A9F1216F0F60008E69A2 /* PostCellNode.swift */; };
		87D799FC2168611B00098337 /* AppDelegate.swift in Sources */ = {isa = PBXBuildFile; fileRef = 87D799FB2168611B00098337 /* AppDelegate.swift */; };
		87D79A032168612000098337 /* Assets.xcassets in Resources */ = {isa = PBXBuildFile; fileRef = 87D79A022168612000098337 /* Assets.xcassets */; };
		87D79A062168612000098337 /* LaunchScreen.storyboard in Resources */ = {isa = PBXBuildFile; fileRef = 87D79A042168612000098337 /* LaunchScreen.storyboard */; };
		87D79A15216A29C100098337 /* PostsFeed.storyboard in Resources */ = {isa = PBXBuildFile; fileRef = 87D79A14216A29C100098337 /* PostsFeed.storyboard */; };
		87D79A17216A2A1C00098337 /* Storyboards.swift in Sources */ = {isa = PBXBuildFile; fileRef = 87D79A16216A2A1C00098337 /* Storyboards.swift */; };
		87D79A1B216A2B3900098337 /* UIViewController+Instantiate.swift in Sources */ = {isa = PBXBuildFile; fileRef = 87D79A1A216A2B3900098337 /* UIViewController+Instantiate.swift */; };
		F1239FE63153C115188F4129 /* Pods_Test.framework in Frameworks */ = {isa = PBXBuildFile; fileRef = 2DCBF732E56F2A16015DCE2D /* Pods_Test.framework */; };
/* End PBXBuildFile section */

/* Begin PBXFileReference section */
		2DCBF732E56F2A16015DCE2D /* Pods_Test.framework */ = {isa = PBXFileReference; explicitFileType = wrapper.framework; includeInIndex = 0; path = Pods_Test.framework; sourceTree = BUILT_PRODUCTS_DIR; };
		6C1D99EBCB102039B5594106 /* Pods-Test.release.xcconfig */ = {isa = PBXFileReference; includeInIndex = 1; lastKnownFileType = text.xcconfig; name = "Pods-Test.release.xcconfig"; path = "Pods/Target Support Files/Pods-Test/Pods-Test.release.xcconfig"; sourceTree = "<group>"; };
		87159406216A34F4003B569A /* PostsFeedVC.swift */ = {isa = PBXFileReference; lastKnownFileType = sourcecode.swift; path = PostsFeedVC.swift; sourceTree = "<group>"; };
		87159408216A3670003B569A /* BaseVC.swift */ = {isa = PBXFileReference; lastKnownFileType = sourcecode.swift; path = BaseVC.swift; sourceTree = "<group>"; };
		8715940C216A46B7003B569A /* Moya+Global.swift */ = {isa = PBXFileReference; lastKnownFileType = sourcecode.swift; path = "Moya+Global.swift"; sourceTree = "<group>"; };
		87159410216A6CCD003B569A /* Config.swift */ = {isa = PBXFileReference; lastKnownFileType = sourcecode.swift; path = Config.swift; sourceTree = "<group>"; };
		87159412216A7152003B569A /* PostsMoyaApi.swift */ = {isa = PBXFileReference; lastKnownFileType = sourcecode.swift; path = PostsMoyaApi.swift; sourceTree = "<group>"; };
		87159414216A7172003B569A /* PostsMoyaNetwork.swift */ = {isa = PBXFileReference; lastKnownFileType = sourcecode.swift; path = PostsMoyaNetwork.swift; sourceTree = "<group>"; };
		87159417216A7D3D003B569A /* Post.swift */ = {isa = PBXFileReference; lastKnownFileType = sourcecode.swift; path = Post.swift; sourceTree = "<group>"; };
		8715941D216A8D90003B569A /* PostsFeedViewModel.swift */ = {isa = PBXFileReference; lastKnownFileType = sourcecode.swift; path = PostsFeedViewModel.swift; sourceTree = "<group>"; };
		8715941F216A8DB5003B569A /* PostsFeedViewModeling.swift */ = {isa = PBXFileReference; lastKnownFileType = sourcecode.swift; path = PostsFeedViewModeling.swift; sourceTree = "<group>"; };
		87159422216A9907003B569A /* PostNetworking.swift */ = {isa = PBXFileReference; lastKnownFileType = sourcecode.swift; path = PostNetworking.swift; sourceTree = "<group>"; };
		87159424216B0747003B569A /* BaseViewModel.swift */ = {isa = PBXFileReference; lastKnownFileType = sourcecode.swift; path = BaseViewModel.swift; sourceTree = "<group>"; };
		87159426216B07EC003B569A /* BaseViewModeling.swift */ = {isa = PBXFileReference; lastKnownFileType = sourcecode.swift; path = BaseViewModeling.swift; sourceTree = "<group>"; };
		87159429216B095F003B569A /* UITableView+Extension.swift */ = {isa = PBXFileReference; lastKnownFileType = sourcecode.swift; path = "UITableView+Extension.swift"; sourceTree = "<group>"; };
		87159430216B0DC5003B569A /* PostCellViewModel.swift */ = {isa = PBXFileReference; lastKnownFileType = sourcecode.swift; path = PostCellViewModel.swift; sourceTree = "<group>"; };
		87159434216BCB59003B569A /* PostManager.swift */ = {isa = PBXFileReference; lastKnownFileType = sourcecode.swift; path = PostManager.swift; sourceTree = "<group>"; };
		87843E91217248B400D51761 /* NetworkResponse.swift */ = {isa = PBXFileReference; lastKnownFileType = sourcecode.swift; path = NetworkResponse.swift; sourceTree = "<group>"; };
		8793A9E8216D0CFB008E69A2 /* AlertHelper.swift */ = {isa = PBXFileReference; lastKnownFileType = sourcecode.swift; path = AlertHelper.swift; sourceTree = "<group>"; };
		8793A9EA216D0D71008E69A2 /* Constants.swift */ = {isa = PBXFileReference; lastKnownFileType = sourcecode.swift; path = Constants.swift; sourceTree = "<group>"; };
		8793A9ED216DB2F4008E69A2 /* PostsDBManager.swift */ = {isa = PBXFileReference; lastKnownFileType = sourcecode.swift; path = PostsDBManager.swift; sourceTree = "<group>"; };
		8793A9EF216DBEF4008E69A2 /* ReachibilityService.swift */ = {isa = PBXFileReference; lastKnownFileType = sourcecode.swift; path = ReachibilityService.swift; sourceTree = "<group>"; };
		8793A9F1216F0F60008E69A2 /* PostCellNode.swift */ = {isa = PBXFileReference; lastKnownFileType = sourcecode.swift; path = PostCellNode.swift; sourceTree = "<group>"; };
		87D799F82168611B00098337 /* Test.app */ = {isa = PBXFileReference; explicitFileType = wrapper.application; includeInIndex = 0; path = Test.app; sourceTree = BUILT_PRODUCTS_DIR; };
		87D799FB2168611B00098337 /* AppDelegate.swift */ = {isa = PBXFileReference; lastKnownFileType = sourcecode.swift; path = AppDelegate.swift; sourceTree = "<group>"; };
		87D79A022168612000098337 /* Assets.xcassets */ = {isa = PBXFileReference; lastKnownFileType = folder.assetcatalog; path = Assets.xcassets; sourceTree = "<group>"; };
		87D79A052168612000098337 /* Base */ = {isa = PBXFileReference; lastKnownFileType = file.storyboard; name = Base; path = Base.lproj/LaunchScreen.storyboard; sourceTree = "<group>"; };
		87D79A072168612000098337 /* Info.plist */ = {isa = PBXFileReference; lastKnownFileType = text.plist.xml; path = Info.plist; sourceTree = "<group>"; };
		87D79A14216A29C100098337 /* PostsFeed.storyboard */ = {isa = PBXFileReference; lastKnownFileType = file.storyboard; path = PostsFeed.storyboard; sourceTree = "<group>"; };
		87D79A16216A2A1C00098337 /* Storyboards.swift */ = {isa = PBXFileReference; lastKnownFileType = sourcecode.swift; path = Storyboards.swift; sourceTree = "<group>"; };
		87D79A1A216A2B3900098337 /* UIViewController+Instantiate.swift */ = {isa = PBXFileReference; lastKnownFileType = sourcecode.swift; path = "UIViewController+Instantiate.swift"; sourceTree = "<group>"; };
		D2510012934A7DC79FCB3CB0 /* Pods-Test.debug.xcconfig */ = {isa = PBXFileReference; includeInIndex = 1; lastKnownFileType = text.xcconfig; name = "Pods-Test.debug.xcconfig"; path = "Pods/Target Support Files/Pods-Test/Pods-Test.debug.xcconfig"; sourceTree = "<group>"; };
/* End PBXFileReference section */

/* Begin PBXFrameworksBuildPhase section */
		87D799F52168611B00098337 /* Frameworks */ = {
			isa = PBXFrameworksBuildPhase;
			buildActionMask = 2147483647;
			files = (
				F1239FE63153C115188F4129 /* Pods_Test.framework in Frameworks */,
			);
			runOnlyForDeploymentPostprocessing = 0;
		};
/* End PBXFrameworksBuildPhase section */

/* Begin PBXGroup section */
		8715940A216A4631003B569A /* Model */ = {
			isa = PBXGroup;
			children = (
				8793A9EC216DB1C0008E69A2 /* DBManager */,
				87159416216A7CDF003B569A /* Entity */,
				8715940B216A4643003B569A /* Networking */,
			);
			path = Model;
			sourceTree = "<group>";
		};
		8715940B216A4643003B569A /* Networking */ = {
			isa = PBXGroup;
			children = (
				8715940C216A46B7003B569A /* Moya+Global.swift */,
				87843E91217248B400D51761 /* NetworkResponse.swift */,
				8715940E216A470D003B569A /* Posts */,
			);
			path = Networking;
			sourceTree = "<group>";
		};
		8715940E216A470D003B569A /* Posts */ = {
			isa = PBXGroup;
			children = (
				87159412216A7152003B569A /* PostsMoyaApi.swift */,
				87159414216A7172003B569A /* PostsMoyaNetwork.swift */,
				87159422216A9907003B569A /* PostNetworking.swift */,
			);
			path = Posts;
			sourceTree = "<group>";
		};
		8715940F216A6CA7003B569A /* Config */ = {
			isa = PBXGroup;
			children = (
				87159410216A6CCD003B569A /* Config.swift */,
				8793A9EA216D0D71008E69A2 /* Constants.swift */,
			);
			path = Config;
			sourceTree = "<group>";
		};
		87159416216A7CDF003B569A /* Entity */ = {
			isa = PBXGroup;
			children = (
				87159421216A98E1003B569A /* Post */,
			);
			path = Entity;
			sourceTree = "<group>";
		};
		87159419216A8D07003B569A /* View Model */ = {
			isa = PBXGroup;
			children = (
				87159428216B0879003B569A /* Base */,
				8715941A216A8D2E003B569A /* Posts */,
			);
			path = "View Model";
			sourceTree = "<group>";
		};
		8715941A216A8D2E003B569A /* Posts */ = {
			isa = PBXGroup;
			children = (
				8715941D216A8D90003B569A /* PostsFeedViewModel.swift */,
				8715941F216A8DB5003B569A /* PostsFeedViewModeling.swift */,
				87159430216B0DC5003B569A /* PostCellViewModel.swift */,
			);
			path = Posts;
			sourceTree = "<group>";
		};
		87159421216A98E1003B569A /* Post */ = {
			isa = PBXGroup;
			children = (
				87159417216A7D3D003B569A /* Post.swift */,
			);
			path = Post;
			sourceTree = "<group>";
		};
		87159428216B0879003B569A /* Base */ = {
			isa = PBXGroup;
			children = (
				87159424216B0747003B569A /* BaseViewModel.swift */,
				87159426216B07EC003B569A /* BaseViewModeling.swift */,
			);
			path = Base;
			sourceTree = "<group>";
		};
		8715942B216B09A5003B569A /* Cells */ = {
			isa = PBXGroup;
			children = (
				8793A9F1216F0F60008E69A2 /* PostCellNode.swift */,
			);
			path = Cells;
			sourceTree = "<group>";
		};
		87159432216B0F13003B569A /* Service */ = {
			isa = PBXGroup;
			children = (
				8793A9EF216DBEF4008E69A2 /* ReachibilityService.swift */,
			);
			path = Service;
			sourceTree = "<group>";
		};
		87159433216B0F42003B569A /* Helper */ = {
			isa = PBXGroup;
			children = (
				87159434216BCB59003B569A /* PostManager.swift */,
				8793A9E8216D0CFB008E69A2 /* AlertHelper.swift */,
			);
			path = Helper;
			sourceTree = "<group>";
		};
		8793A9EC216DB1C0008E69A2 /* DBManager */ = {
			isa = PBXGroup;
			children = (
				8793A9ED216DB2F4008E69A2 /* PostsDBManager.swift */,
			);
			path = DBManager;
			sourceTree = "<group>";
		};
		87D799EF2168611B00098337 = {
			isa = PBXGroup;
			children = (
				87D799FA2168611B00098337 /* Test */,
				87D799F92168611B00098337 /* Products */,
				F0BE3AC8997421BAEF5A362B /* Pods */,
				8C739451AEAAD6736A264665 /* Frameworks */,
			);
			sourceTree = "<group>";
		};
		87D799F92168611B00098337 /* Products */ = {
			isa = PBXGroup;
			children = (
				87D799F82168611B00098337 /* Test.app */,
			);
			name = Products;
			sourceTree = "<group>";
		};
		87D799FA2168611B00098337 /* Test */ = {
			isa = PBXGroup;
			children = (
				87D79A18216A2AF100098337 /* Global */,
				87D79A0F216A291000098337 /* MVVM */,
				87D79A0D216A24BB00098337 /* Supporting Files */,
			);
			path = Test;
			sourceTree = "<group>";
		};
		87D79A0D216A24BB00098337 /* Supporting Files */ = {
			isa = PBXGroup;
			children = (
				87D799FB2168611B00098337 /* AppDelegate.swift */,
				87D79A072168612000098337 /* Info.plist */,
				87D79A0E216A24DE00098337 /* Resources */,
			);
			path = "Supporting Files";
			sourceTree = "<group>";
		};
		87D79A0E216A24DE00098337 /* Resources */ = {
			isa = PBXGroup;
			children = (
				87D79A042168612000098337 /* LaunchScreen.storyboard */,
				87D79A022168612000098337 /* Assets.xcassets */,
			);
			path = Resources;
			sourceTree = "<group>";
		};
		87D79A0F216A291000098337 /* MVVM */ = {
			isa = PBXGroup;
			children = (
				87159419216A8D07003B569A /* View Model */,
				8715940A216A4631003B569A /* Model */,
				87D79A10216A294300098337 /* View */,
			);
			path = MVVM;
			sourceTree = "<group>";
		};
		87D79A10216A294300098337 /* View */ = {
			isa = PBXGroup;
			children = (
				87D79A12216A296500098337 /* Controllers */,
				87D79A11216A295300098337 /* Storyboards */,
				87D79A13216A298200098337 /* Views */,
			);
			path = View;
			sourceTree = "<group>";
		};
		87D79A11216A295300098337 /* Storyboards */ = {
			isa = PBXGroup;
			children = (
				87D79A16216A2A1C00098337 /* Storyboards.swift */,
				87D79A14216A29C100098337 /* PostsFeed.storyboard */,
			);
			path = Storyboards;
			sourceTree = "<group>";
		};
		87D79A12216A296500098337 /* Controllers */ = {
			isa = PBXGroup;
			children = (
				87159406216A34F4003B569A /* PostsFeedVC.swift */,
				87159408216A3670003B569A /* BaseVC.swift */,
			);
			path = Controllers;
			sourceTree = "<group>";
		};
		87D79A13216A298200098337 /* Views */ = {
			isa = PBXGroup;
			children = (
				8715942B216B09A5003B569A /* Cells */,
			);
			path = Views;
			sourceTree = "<group>";
		};
		87D79A18216A2AF100098337 /* Global */ = {
			isa = PBXGroup;
			children = (
				87159433216B0F42003B569A /* Helper */,
				87159432216B0F13003B569A /* Service */,
				8715940F216A6CA7003B569A /* Config */,
				87D79A19216A2B0200098337 /* Extensions */,
			);
			path = Global;
			sourceTree = "<group>";
		};
		87D79A19216A2B0200098337 /* Extensions */ = {
			isa = PBXGroup;
			children = (
				87D79A1A216A2B3900098337 /* UIViewController+Instantiate.swift */,
				87159429216B095F003B569A /* UITableView+Extension.swift */,
			);
			path = Extensions;
			sourceTree = "<group>";
		};
		8C739451AEAAD6736A264665 /* Frameworks */ = {
			isa = PBXGroup;
			children = (
				2DCBF732E56F2A16015DCE2D /* Pods_Test.framework */,
			);
			name = Frameworks;
			sourceTree = "<group>";
		};
		F0BE3AC8997421BAEF5A362B /* Pods */ = {
			isa = PBXGroup;
			children = (
				D2510012934A7DC79FCB3CB0 /* Pods-Test.debug.xcconfig */,
				6C1D99EBCB102039B5594106 /* Pods-Test.release.xcconfig */,
			);
			name = Pods;
			sourceTree = "<group>";
		};
/* End PBXGroup section */

/* Begin PBXNativeTarget section */
		87D799F72168611B00098337 /* Test */ = {
			isa = PBXNativeTarget;
			buildConfigurationList = 87D79A0A2168612000098337 /* Build configuration list for PBXNativeTarget "Test" */;
			buildPhases = (
				CDE3325ADDBE60E0A0978474 /* [CP] Check Pods Manifest.lock */,
				87D799F42168611B00098337 /* Sources */,
				87D799F52168611B00098337 /* Frameworks */,
				87D799F62168611B00098337 /* Resources */,
				D2274D7339DA9D7388A5A6E5 /* [CP] Embed Pods Frameworks */,
			);
			buildRules = (
			);
			dependencies = (
			);
			name = Test;
			productName = Test;
			productReference = 87D799F82168611B00098337 /* Test.app */;
			productType = "com.apple.product-type.application";
		};
/* End PBXNativeTarget section */

/* Begin PBXProject section */
		87D799F02168611B00098337 /* Project object */ = {
			isa = PBXProject;
			attributes = {
				LastSwiftUpdateCheck = 0940;
				LastUpgradeCheck = 0940;
				ORGANIZATIONNAME = "Mher Movsisyan";
				TargetAttributes = {
					87D799F72168611B00098337 = {
						CreatedOnToolsVersion = 9.4.1;
					};
				};
			};
			buildConfigurationList = 87D799F32168611B00098337 /* Build configuration list for PBXProject "Test" */;
			compatibilityVersion = "Xcode 9.3";
			developmentRegion = en;
			hasScannedForEncodings = 0;
			knownRegions = (
				en,
				Base,
			);
			mainGroup = 87D799EF2168611B00098337;
			productRefGroup = 87D799F92168611B00098337 /* Products */;
			projectDirPath = "";
			projectRoot = "";
			targets = (
				87D799F72168611B00098337 /* Test */,
			);
		};
/* End PBXProject section */

/* Begin PBXResourcesBuildPhase section */
		87D799F62168611B00098337 /* Resources */ = {
			isa = PBXResourcesBuildPhase;
			buildActionMask = 2147483647;
			files = (
				87D79A15216A29C100098337 /* PostsFeed.storyboard in Resources */,
				87D79A062168612000098337 /* LaunchScreen.storyboard in Resources */,
				87D79A032168612000098337 /* Assets.xcassets in Resources */,
			);
			runOnlyForDeploymentPostprocessing = 0;
		};
/* End PBXResourcesBuildPhase section */

/* Begin PBXShellScriptBuildPhase section */
		CDE3325ADDBE60E0A0978474 /* [CP] Check Pods Manifest.lock */ = {
			isa = PBXShellScriptBuildPhase;
			buildActionMask = 2147483647;
			files = (
			);
			inputPaths = (
				"${PODS_PODFILE_DIR_PATH}/Podfile.lock",
				"${PODS_ROOT}/Manifest.lock",
			);
			name = "[CP] Check Pods Manifest.lock";
			outputPaths = (
				"$(DERIVED_FILE_DIR)/Pods-Test-checkManifestLockResult.txt",
			);
			runOnlyForDeploymentPostprocessing = 0;
			shellPath = /bin/sh;
			shellScript = "diff \"${PODS_PODFILE_DIR_PATH}/Podfile.lock\" \"${PODS_ROOT}/Manifest.lock\" > /dev/null\nif [ $? != 0 ] ; then\n    # print error to STDERR\n    echo \"error: The sandbox is not in sync with the Podfile.lock. Run 'pod install' or update your CocoaPods installation.\" >&2\n    exit 1\nfi\n# This output is used by Xcode 'outputs' to avoid re-running this script phase.\necho \"SUCCESS\" > \"${SCRIPT_OUTPUT_FILE_0}\"\n";
			showEnvVarsInLog = 0;
		};
		D2274D7339DA9D7388A5A6E5 /* [CP] Embed Pods Frameworks */ = {
			isa = PBXShellScriptBuildPhase;
			buildActionMask = 2147483647;
			files = (
			);
			inputPaths = (
				"${SRCROOT}/Pods/Target Support Files/Pods-Test/Pods-Test-frameworks.sh",
				"${BUILT_PRODUCTS_DIR}/Alamofire/Alamofire.framework",
				"${BUILT_PRODUCTS_DIR}/Moya/Moya.framework",
				"${BUILT_PRODUCTS_DIR}/ObjectMapper/ObjectMapper.framework",
				"${BUILT_PRODUCTS_DIR}/PINCache/PINCache.framework",
				"${BUILT_PRODUCTS_DIR}/PINOperation/PINOperation.framework",
				"${BUILT_PRODUCTS_DIR}/PINRemoteImage/PINRemoteImage.framework",
				"${BUILT_PRODUCTS_DIR}/ReachabilitySwift/Reachability.framework",
				"${BUILT_PRODUCTS_DIR}/Realm/Realm.framework",
				"${BUILT_PRODUCTS_DIR}/RealmSwift/RealmSwift.framework",
				"${BUILT_PRODUCTS_DIR}/Result/Result.framework",
				"${BUILT_PRODUCTS_DIR}/RxCocoa/RxCocoa.framework",
				"${BUILT_PRODUCTS_DIR}/RxSwift/RxSwift.framework",
				"${BUILT_PRODUCTS_DIR}/SVProgressHUD/SVProgressHUD.framework",
				"${BUILT_PRODUCTS_DIR}/Texture/AsyncDisplayKit.framework",
			);
			name = "[CP] Embed Pods Frameworks";
			outputPaths = (
				"${TARGET_BUILD_DIR}/${FRAMEWORKS_FOLDER_PATH}/Alamofire.framework",
				"${TARGET_BUILD_DIR}/${FRAMEWORKS_FOLDER_PATH}/Moya.framework",
				"${TARGET_BUILD_DIR}/${FRAMEWORKS_FOLDER_PATH}/ObjectMapper.framework",
				"${TARGET_BUILD_DIR}/${FRAMEWORKS_FOLDER_PATH}/PINCache.framework",
				"${TARGET_BUILD_DIR}/${FRAMEWORKS_FOLDER_PATH}/PINOperation.framework",
				"${TARGET_BUILD_DIR}/${FRAMEWORKS_FOLDER_PATH}/PINRemoteImage.framework",
				"${TARGET_BUILD_DIR}/${FRAMEWORKS_FOLDER_PATH}/Reachability.framework",
				"${TARGET_BUILD_DIR}/${FRAMEWORKS_FOLDER_PATH}/Realm.framework",
				"${TARGET_BUILD_DIR}/${FRAMEWORKS_FOLDER_PATH}/RealmSwift.framework",
				"${TARGET_BUILD_DIR}/${FRAMEWORKS_FOLDER_PATH}/Result.framework",
				"${TARGET_BUILD_DIR}/${FRAMEWORKS_FOLDER_PATH}/RxCocoa.framework",
				"${TARGET_BUILD_DIR}/${FRAMEWORKS_FOLDER_PATH}/RxSwift.framework",
				"${TARGET_BUILD_DIR}/${FRAMEWORKS_FOLDER_PATH}/SVProgressHUD.framework",
				"${TARGET_BUILD_DIR}/${FRAMEWORKS_FOLDER_PATH}/AsyncDisplayKit.framework",
			);
			runOnlyForDeploymentPostprocessing = 0;
			shellPath = /bin/sh;
			shellScript = "\"${SRCROOT}/Pods/Target Support Files/Pods-Test/Pods-Test-frameworks.sh\"\n";
			showEnvVarsInLog = 0;
		};
/* End PBXShellScriptBuildPhase section */

/* Begin PBXSourcesBuildPhase section */
		87D799F42168611B00098337 /* Sources */ = {
			isa = PBXSourcesBuildPhase;
			buildActionMask = 2147483647;
			files = (
				8715940D216A46B7003B569A /* Moya+Global.swift in Sources */,
				8715941E216A8D90003B569A /* PostsFeedViewModel.swift in Sources */,
				87159435216BCB59003B569A /* PostManager.swift in Sources */,
				87159415216A7172003B569A /* PostsMoyaNetwork.swift in Sources */,
				87159425216B0747003B569A /* BaseViewModel.swift in Sources */,
				87D79A17216A2A1C00098337 /* Storyboards.swift in Sources */,
				87D799FC2168611B00098337 /* AppDelegate.swift in Sources */,
				8793A9E9216D0CFB008E69A2 /* AlertHelper.swift in Sources */,
				87159411216A6CCD003B569A /* Config.swift in Sources */,
				87159407216A34F4003B569A /* PostsFeedVC.swift in Sources */,
				8793A9EE216DB2F4008E69A2 /* PostsDBManager.swift in Sources */,
				8793A9EB216D0D71008E69A2 /* Constants.swift in Sources */,
				87D79A1B216A2B3900098337 /* UIViewController+Instantiate.swift in Sources */,
				87159413216A7152003B569A /* PostsMoyaApi.swift in Sources */,
				87159427216B07ED003B569A /* BaseViewModeling.swift in Sources */,
				87159420216A8DB5003B569A /* PostsFeedViewModeling.swift in Sources */,
				8793A9F2216F0F60008E69A2 /* PostCellNode.swift in Sources */,
				87843E92217248B400D51761 /* NetworkResponse.swift in Sources */,
				87159409216A3670003B569A /* BaseVC.swift in Sources */,
				87159431216B0DC5003B569A /* PostCellViewModel.swift in Sources */,
				8793A9F0216DBEF4008E69A2 /* ReachibilityService.swift in Sources */,
				87159418216A7D3D003B569A /* Post.swift in Sources */,
				87159423216A9907003B569A /* PostNetworking.swift in Sources */,
				8715942A216B095F003B569A /* UITableView+Extension.swift in Sources */,
			);
			runOnlyForDeploymentPostprocessing = 0;
		};
/* End PBXSourcesBuildPhase section */

/* Begin PBXVariantGroup section */
		87D79A042168612000098337 /* LaunchScreen.storyboard */ = {
			isa = PBXVariantGroup;
			children = (
				87D79A052168612000098337 /* Base */,
			);
			name = LaunchScreen.storyboard;
			sourceTree = "<group>";
		};
/* End PBXVariantGroup section */

/* Begin XCBuildConfiguration section */
		87D79A082168612000098337 /* Debug */ = {
			isa = XCBuildConfiguration;
			buildSettings = {
				ALWAYS_SEARCH_USER_PATHS = NO;
				CLANG_ANALYZER_NONNULL = YES;
				CLANG_ANALYZER_NUMBER_OBJECT_CONVERSION = YES_AGGRESSIVE;
				CLANG_CXX_LANGUAGE_STANDARD = "gnu++14";
				CLANG_CXX_LIBRARY = "libc++";
				CLANG_ENABLE_MODULES = YES;
				CLANG_ENABLE_OBJC_ARC = YES;
				CLANG_ENABLE_OBJC_WEAK = YES;
				CLANG_WARN_BLOCK_CAPTURE_AUTORELEASING = YES;
				CLANG_WARN_BOOL_CONVERSION = YES;
				CLANG_WARN_COMMA = YES;
				CLANG_WARN_CONSTANT_CONVERSION = YES;
				CLANG_WARN_DEPRECATED_OBJC_IMPLEMENTATIONS = YES;
				CLANG_WARN_DIRECT_OBJC_ISA_USAGE = YES_ERROR;
				CLANG_WARN_DOCUMENTATION_COMMENTS = YES;
				CLANG_WARN_EMPTY_BODY = YES;
				CLANG_WARN_ENUM_CONVERSION = YES;
				CLANG_WARN_INFINITE_RECURSION = YES;
				CLANG_WARN_INT_CONVERSION = YES;
				CLANG_WARN_NON_LITERAL_NULL_CONVERSION = YES;
				CLANG_WARN_OBJC_IMPLICIT_RETAIN_SELF = YES;
				CLANG_WARN_OBJC_LITERAL_CONVERSION = YES;
				CLANG_WARN_OBJC_ROOT_CLASS = YES_ERROR;
				CLANG_WARN_RANGE_LOOP_ANALYSIS = YES;
				CLANG_WARN_STRICT_PROTOTYPES = YES;
				CLANG_WARN_SUSPICIOUS_MOVE = YES;
				CLANG_WARN_UNGUARDED_AVAILABILITY = YES_AGGRESSIVE;
				CLANG_WARN_UNREACHABLE_CODE = YES;
				CLANG_WARN__DUPLICATE_METHOD_MATCH = YES;
				CODE_SIGN_IDENTITY = "iPhone Developer";
				COPY_PHASE_STRIP = NO;
				DEBUG_INFORMATION_FORMAT = dwarf;
				ENABLE_STRICT_OBJC_MSGSEND = YES;
				ENABLE_TESTABILITY = YES;
				GCC_C_LANGUAGE_STANDARD = gnu11;
				GCC_DYNAMIC_NO_PIC = NO;
				GCC_NO_COMMON_BLOCKS = YES;
				GCC_OPTIMIZATION_LEVEL = 0;
				GCC_PREPROCESSOR_DEFINITIONS = (
					"DEBUG=1",
					"$(inherited)",
				);
				GCC_WARN_64_TO_32_BIT_CONVERSION = YES;
				GCC_WARN_ABOUT_RETURN_TYPE = YES_ERROR;
				GCC_WARN_UNDECLARED_SELECTOR = YES;
				GCC_WARN_UNINITIALIZED_AUTOS = YES_AGGRESSIVE;
				GCC_WARN_UNUSED_FUNCTION = YES;
				GCC_WARN_UNUSED_VARIABLE = YES;
				IPHONEOS_DEPLOYMENT_TARGET = 11.4;
				MTL_ENABLE_DEBUG_INFO = YES;
				ONLY_ACTIVE_ARCH = YES;
				SDKROOT = iphoneos;
				SWIFT_ACTIVE_COMPILATION_CONDITIONS = DEBUG;
				SWIFT_OPTIMIZATION_LEVEL = "-Onone";
			};
			name = Debug;
		};
		87D79A092168612000098337 /* Release */ = {
			isa = XCBuildConfiguration;
			buildSettings = {
				ALWAYS_SEARCH_USER_PATHS = NO;
				CLANG_ANALYZER_NONNULL = YES;
				CLANG_ANALYZER_NUMBER_OBJECT_CONVERSION = YES_AGGRESSIVE;
				CLANG_CXX_LANGUAGE_STANDARD = "gnu++14";
				CLANG_CXX_LIBRARY = "libc++";
				CLANG_ENABLE_MODULES = YES;
				CLANG_ENABLE_OBJC_ARC = YES;
				CLANG_ENABLE_OBJC_WEAK = YES;
				CLANG_WARN_BLOCK_CAPTURE_AUTORELEASING = YES;
				CLANG_WARN_BOOL_CONVERSION = YES;
				CLANG_WARN_COMMA = YES;
				CLANG_WARN_CONSTANT_CONVERSION = YES;
				CLANG_WARN_DEPRECATED_OBJC_IMPLEMENTATIONS = YES;
				CLANG_WARN_DIRECT_OBJC_ISA_USAGE = YES_ERROR;
				CLANG_WARN_DOCUMENTATION_COMMENTS = YES;
				CLANG_WARN_EMPTY_BODY = YES;
				CLANG_WARN_ENUM_CONVERSION = YES;
				CLANG_WARN_INFINITE_RECURSION = YES;
				CLANG_WARN_INT_CONVERSION = YES;
				CLANG_WARN_NON_LITERAL_NULL_CONVERSION = YES;
				CLANG_WARN_OBJC_IMPLICIT_RETAIN_SELF = YES;
				CLANG_WARN_OBJC_LITERAL_CONVERSION = YES;
				CLANG_WARN_OBJC_ROOT_CLASS = YES_ERROR;
				CLANG_WARN_RANGE_LOOP_ANALYSIS = YES;
				CLANG_WARN_STRICT_PROTOTYPES = YES;
				CLANG_WARN_SUSPICIOUS_MOVE = YES;
				CLANG_WARN_UNGUARDED_AVAILABILITY = YES_AGGRESSIVE;
				CLANG_WARN_UNREACHABLE_CODE = YES;
				CLANG_WARN__DUPLICATE_METHOD_MATCH = YES;
				CODE_SIGN_IDENTITY = "iPhone Developer";
				COPY_PHASE_STRIP = NO;
				DEBUG_INFORMATION_FORMAT = "dwarf-with-dsym";
				ENABLE_NS_ASSERTIONS = NO;
				ENABLE_STRICT_OBJC_MSGSEND = YES;
				GCC_C_LANGUAGE_STANDARD = gnu11;
				GCC_NO_COMMON_BLOCKS = YES;
				GCC_WARN_64_TO_32_BIT_CONVERSION = YES;
				GCC_WARN_ABOUT_RETURN_TYPE = YES_ERROR;
				GCC_WARN_UNDECLARED_SELECTOR = YES;
				GCC_WARN_UNINITIALIZED_AUTOS = YES_AGGRESSIVE;
				GCC_WARN_UNUSED_FUNCTION = YES;
				GCC_WARN_UNUSED_VARIABLE = YES;
				IPHONEOS_DEPLOYMENT_TARGET = 11.4;
				MTL_ENABLE_DEBUG_INFO = NO;
				SDKROOT = iphoneos;
				SWIFT_COMPILATION_MODE = wholemodule;
				SWIFT_OPTIMIZATION_LEVEL = "-O";
				VALIDATE_PRODUCT = YES;
			};
			name = Release;
		};
		87D79A0B2168612000098337 /* Debug */ = {
			isa = XCBuildConfiguration;
			baseConfigurationReference = D2510012934A7DC79FCB3CB0 /* Pods-Test.debug.xcconfig */;
			buildSettings = {
				ASSETCATALOG_COMPILER_APPICON_NAME = AppIcon;
				CODE_SIGN_STYLE = Automatic;
				DEVELOPMENT_TEAM = L6D3YF6CQ9;
				INFOPLIST_FILE = "Test/Supporting Files/Info.plist";
				IPHONEOS_DEPLOYMENT_TARGET = 10.0;
				LD_RUNPATH_SEARCH_PATHS = (
					"$(inherited)",
					"@executable_path/Frameworks",
				);
				PRODUCT_BUNDLE_IDENTIFIER = com.movsisyan.Test;
				PRODUCT_NAME = "$(TARGET_NAME)";
				SWIFT_VERSION = 4.0;
				TARGETED_DEVICE_FAMILY = "1,2";
			};
			name = Debug;
		};
		87D79A0C2168612000098337 /* Release */ = {
			isa = XCBuildConfiguration;
			baseConfigurationReference = 6C1D99EBCB102039B5594106 /* Pods-Test.release.xcconfig */;
			buildSettings = {
				ASSETCATALOG_COMPILER_APPICON_NAME = AppIcon;
				CODE_SIGN_STYLE = Automatic;
				DEVELOPMENT_TEAM = L6D3YF6CQ9;
				INFOPLIST_FILE = "Test/Supporting Files/Info.plist";
				IPHONEOS_DEPLOYMENT_TARGET = 10.0;
				LD_RUNPATH_SEARCH_PATHS = (
					"$(inherited)",
					"@executable_path/Frameworks",
				);
				PRODUCT_BUNDLE_IDENTIFIER = com.movsisyan.Test;
				PRODUCT_NAME = "$(TARGET_NAME)";
				SWIFT_VERSION = 4.0;
				TARGETED_DEVICE_FAMILY = "1,2";
			};
			name = Release;
		};
/* End XCBuildConfiguration section */

/* Begin XCConfigurationList section */
		87D799F32168611B00098337 /* Build configuration list for PBXProject "Test" */ = {
			isa = XCConfigurationList;
			buildConfigurations = (
				87D79A082168612000098337 /* Debug */,
				87D79A092168612000098337 /* Release */,
			);
			defaultConfigurationIsVisible = 0;
			defaultConfigurationName = Release;
		};
		87D79A0A2168612000098337 /* Build configuration list for PBXNativeTarget "Test" */ = {
			isa = XCConfigurationList;
			buildConfigurations = (
				87D79A0B2168612000098337 /* Debug */,
				87D79A0C2168612000098337 /* Release */,
			);
			defaultConfigurationIsVisible = 0;
			defaultConfigurationName = Release;
		};
/* End XCConfigurationList section */
	};
	rootObject = 87D799F02168611B00098337 /* Project object */;
}
